
Microsoft Visual Studio Solution File, Format Version 12.00
# Visual Studio Version 16
VisualStudioVersion = 16.0.29728.190
MinimumVisualStudioVersion = 10.0.40219.1
Project("{9A19103F-16F7-4668-BE54-9A1E7A4F7556}") = "Synonms.Trader.Cli", "Synonms.Trader.Cli\Synonms.Trader.Cli.csproj", "{1E0624D8-80E6-4980-A0A6-4E2B912393D5}"
EndProject
Project("{9A19103F-16F7-4668-BE54-9A1E7A4F7556}") = "Synonms.Trader.Core", "Synonms.Trader.Core\Synonms.Trader.Core.csproj", "{4E71BE9F-333B-476B-A5EB-C10942E2F8D7}"
EndProject
Project("{FAE04EC0-301F-11D3-BF4B-00C04F79EFBC}") = "Synonms.Trader.Core.Tests", "Synonms.Trader.Core.Tests\Synonms.Trader.Core.Tests.csproj", "{8FA8C3A4-EA2E-444D-85F0-6424623C8084}"
EndProject
Global
	GlobalSection(SolutionConfigurationPlatforms) = preSolution
		Debug|Any CPU = Debug|Any CPU
		Release|Any CPU = Release|Any CPU
	EndGlobalSection
	GlobalSection(ProjectConfigurationPlatforms) = postSolution
		{1E0624D8-80E6-4980-A0A6-4E2B912393D5}.Debug|Any CPU.ActiveCfg = Debug|Any CPU
		{1E0624D8-80E6-4980-A0A6-4E2B912393D5}.Debug|Any CPU.Build.0 = Debug|Any CPU
		{1E0624D8-80E6-4980-A0A6-4E2B912393D5}.Release|Any CPU.ActiveCfg = Release|Any CPU
		{1E0624D8-80E6-4980-A0A6-4E2B912393D5}.Release|Any CPU.Build.0 = Release|Any CPU
		{4E71BE9F-333B-476B-A5EB-C10942E2F8D7}.Debug|Any CPU.ActiveCfg = Debug|Any CPU
		{4E71BE9F-333B-476B-A5EB-C10942E2F8D7}.Debug|Any CPU.Build.0 = Debug|Any CPU
		{4E71BE9F-333B-476B-A5EB-C10942E2F8D7}.Release|Any CPU.ActiveCfg = Release|Any CPU
		{4E71BE9F-333B-476B-A5EB-C10942E2F8D7}.Release|Any CPU.Build.0 = Release|Any CPU
		{8FA8C3A4-EA2E-444D-85F0-6424623C8084}.Debug|Any CPU.ActiveCfg = Debug|Any CPU
		{8FA8C3A4-EA2E-444D-85F0-6424623C8084}.Debug|Any CPU.Build.0 = Debug|Any CPU
		{8FA8C3A4-EA2E-444D-85F0-6424623C8084}.Release|Any CPU.ActiveCfg = Release|Any CPU
		{8FA8C3A4-EA2E-444D-85F0-6424623C8084}.Release|Any CPU.Build.0 = Release|Any CPU
	EndGlobalSection
	GlobalSection(SolutionProperties) = preSolution
		HideSolutionNode = FALSE
	EndGlobalSection
	GlobalSection(ExtensibilityGlobals) = postSolution
		SolutionGuid = {2AFADE3E-2FB1-4A8E-9BF2-08D1C5965773}
	EndGlobalSection
EndGlobal
